// !$*UTF8*$!
{
	archiveVersion = 1;
	classes = {
	};
	objectVersion = 46;
	objects = {

/* Begin PBXBuildFile section */
		A257EF5D1AD9BED8009566D3 /* AppDelegate.swift in Sources */ = {isa = PBXBuildFile; fileRef = A257EF5C1AD9BED8009566D3 /* AppDelegate.swift */; };
		A257EF5F1AD9BED8009566D3 /* PinchOutView.swift in Sources */ = {isa = PBXBuildFile; fileRef = A257EF5E1AD9BED8009566D3 /* PinchOutView.swift */; };
		A257EF621AD9BED8009566D3 /* Main.storyboard in Resources */ = {isa = PBXBuildFile; fileRef = A257EF601AD9BED8009566D3 /* Main.storyboard */; };
		A257EF641AD9BED8009566D3 /* Images.xcassets in Resources */ = {isa = PBXBuildFile; fileRef = A257EF631AD9BED8009566D3 /* Images.xcassets */; };
		A257EF671AD9BED8009566D3 /* LaunchScreen.xib in Resources */ = {isa = PBXBuildFile; fileRef = A257EF651AD9BED8009566D3 /* LaunchScreen.xib */; };
		A257EFB61ADA930D009566D3 /* Paths.swift in Sources */ = {isa = PBXBuildFile; fileRef = A257EFB51ADA930D009566D3 /* Paths.swift */; };
		A257EFB81ADA93EA009566D3 /* ViewController.swift in Sources */ = {isa = PBXBuildFile; fileRef = A257EFB71ADA93EA009566D3 /* ViewController.swift */; };
		A257EFBA1ADA948D009566D3 /* Extensions.swift in Sources */ = {isa = PBXBuildFile; fileRef = A257EFB91ADA948D009566D3 /* Extensions.swift */; };
		A257EFBC1ADA98E8009566D3 /* Async.swift in Sources */ = {isa = PBXBuildFile; fileRef = A257EFBB1ADA98E8009566D3 /* Async.swift */; };
/* End PBXBuildFile section */

/* Begin PBXFileReference section */
		A257EF571AD9BED8009566D3 /* BezierPath.app */ = {isa = PBXFileReference; explicitFileType = wrapper.application; includeInIndex = 0; path = BezierPath.app; sourceTree = BUILT_PRODUCTS_DIR; };
		A257EF5B1AD9BED8009566D3 /* Info.plist */ = {isa = PBXFileReference; lastKnownFileType = text.plist.xml; path = Info.plist; sourceTree = "<group>"; };
		A257EF5C1AD9BED8009566D3 /* AppDelegate.swift */ = {isa = PBXFileReference; lastKnownFileType = sourcecode.swift; path = AppDelegate.swift; sourceTree = "<group>"; };
		A257EF5E1AD9BED8009566D3 /* PinchOutView.swift */ = {isa = PBXFileReference; lastKnownFileType = sourcecode.swift; path = PinchOutView.swift; sourceTree = "<group>"; };
		A257EF611AD9BED8009566D3 /* Base */ = {isa = PBXFileReference; lastKnownFileType = file.storyboard; name = Base; path = Base.lproj/Main.storyboard; sourceTree = "<group>"; };
		A257EF631AD9BED8009566D3 /* Images.xcassets */ = {isa = PBXFileReference; lastKnownFileType = folder.assetcatalog; path = Images.xcassets; sourceTree = "<group>"; };
		A257EF661AD9BED8009566D3 /* Base */ = {isa = PBXFileReference; lastKnownFileType = file.xib; name = Base; path = Base.lproj/LaunchScreen.xib; sourceTree = "<group>"; };
		A257EFB51ADA930D009566D3 /* Paths.swift */ = {isa = PBXFileReference; fileEncoding = 4; lastKnownFileType = sourcecode.swift; path = Paths.swift; sourceTree = "<group>"; };
		A257EFB71ADA93EA009566D3 /* ViewController.swift */ = {isa = PBXFileReference; fileEncoding = 4; lastKnownFileType = sourcecode.swift; path = ViewController.swift; sourceTree = "<group>"; };
		A257EFB91ADA948D009566D3 /* Extensions.swift */ = {isa = PBXFileReference; fileEncoding = 4; lastKnownFileType = sourcecode.swift; path = Extensions.swift; sourceTree = "<group>"; };
		A257EFBB1ADA98E8009566D3 /* Async.swift */ = {isa = PBXFileReference; fileEncoding = 4; lastKnownFileType = sourcecode.swift; path = Async.swift; sourceTree = "<group>"; };
/* End PBXFileReference section */

/* Begin PBXFrameworksBuildPhase section */
		A257EF541AD9BED8009566D3 /* Frameworks */ = {
			isa = PBXFrameworksBuildPhase;
			buildActionMask = 2147483647;
			files = (
			);
			runOnlyForDeploymentPostprocessing = 0;
		};
/* End PBXFrameworksBuildPhase section */

/* Begin PBXGroup section */
		A257EF4E1AD9BED8009566D3 = {
			isa = PBXGroup;
			children = (
				A257EF591AD9BED8009566D3 /* BezierPath */,
				A257EF581AD9BED8009566D3 /* Products */,
			);
			sourceTree = "<group>";
		};
		A257EF581AD9BED8009566D3 /* Products */ = {
			isa = PBXGroup;
			children = (
				A257EF571AD9BED8009566D3 /* BezierPath.app */,
			);
			name = Products;
			sourceTree = "<group>";
		};
		A257EF591AD9BED8009566D3 /* BezierPath */ = {
			isa = PBXGroup;
			children = (
				A257EFB91ADA948D009566D3 /* Extensions.swift */,
				A257EF5C1AD9BED8009566D3 /* AppDelegate.swift */,
				A257EF5E1AD9BED8009566D3 /* PinchOutView.swift */,
				A257EFB71ADA93EA009566D3 /* ViewController.swift */,
				A257EF601AD9BED8009566D3 /* Main.storyboard */,
				A257EFBB1ADA98E8009566D3 /* Async.swift */,
				A257EFB51ADA930D009566D3 /* Paths.swift */,
				A257EF631AD9BED8009566D3 /* Images.xcassets */,
				A257EF651AD9BED8009566D3 /* LaunchScreen.xib */,
				A257EF5A1AD9BED8009566D3 /* Supporting Files */,
			);
			path = BezierPath;
			sourceTree = "<group>";
		};
		A257EF5A1AD9BED8009566D3 /* Supporting Files */ = {
			isa = PBXGroup;
			children = (
				A257EF5B1AD9BED8009566D3 /* Info.plist */,
			);
			name = "Supporting Files";
			sourceTree = "<group>";
		};
/* End PBXGroup section */

/* Begin PBXNativeTarget section */
		A257EF561AD9BED8009566D3 /* BezierPath */ = {
			isa = PBXNativeTarget;
			buildConfigurationList = A257EF761AD9BED8009566D3 /* Build configuration list for PBXNativeTarget "BezierPath" */;
			buildPhases = (
				A257EF531AD9BED8009566D3 /* Sources */,
				A257EF541AD9BED8009566D3 /* Frameworks */,
				A257EF551AD9BED8009566D3 /* Resources */,
			);
			buildRules = (
			);
			dependencies = (
			);
			name = BezierPath;
			productName = BezierPath;
			productReference = A257EF571AD9BED8009566D3 /* BezierPath.app */;
			productType = "com.apple.product-type.application";
		};
/* End PBXNativeTarget section */

/* Begin PBXProject section */
		A257EF4F1AD9BED8009566D3 /* Project object */ = {
			isa = PBXProject;
			attributes = {
				LastUpgradeCheck = 0630;
				ORGANIZATIONNAME = Shuketa;
				TargetAttributes = {
					A257EF561AD9BED8009566D3 = {
						CreatedOnToolsVersion = 6.3;
					};
				};
			};
			buildConfigurationList = A257EF521AD9BED8009566D3 /* Build configuration list for PBXProject "BezierPath" */;
			compatibilityVersion = "Xcode 3.2";
			developmentRegion = English;
			hasScannedForEncodings = 0;
			knownRegions = (
				en,
				Base,
			);
			mainGroup = A257EF4E1AD9BED8009566D3;
			productRefGroup = A257EF581AD9BED8009566D3 /* Products */;
			projectDirPath = "";
			projectRoot = "";
			targets = (
				A257EF561AD9BED8009566D3 /* BezierPath */,
			);
		};
/* End PBXProject section */

/* Begin PBXResourcesBuildPhase section */
		A257EF551AD9BED8009566D3 /* Resources */ = {
			isa = PBXResourcesBuildPhase;
			buildActionMask = 2147483647;
			files = (
				A257EF621AD9BED8009566D3 /* Main.storyboard in Resources */,
				A257EF671AD9BED8009566D3 /* LaunchScreen.xib in Resources */,
				A257EF641AD9BED8009566D3 /* Images.xcassets in Resources */,
			);
			runOnlyForDeploymentPostprocessing = 0;
		};
/* End PBXResourcesBuildPhase section */

/* Begin PBXSourcesBuildPhase section */
		A257EF531AD9BED8009566D3 /* Sources */ = {
			isa = PBXSourcesBuildPhase;
			buildActionMask = 2147483647;
			files = (
				A257EFBA1ADA948D009566D3 /* Extensions.swift in Sources */,
				A257EFB61ADA930D009566D3 /* Paths.swift in Sources */,
				A257EFB81ADA93EA009566D3 /* ViewController.swift in Sources */,
				A257EF5F1AD9BED8009566D3 /* PinchOutView.swift in Sources */,
				A257EFBC1ADA98E8009566D3 /* Async.swift in Sources */,
				A257EF5D1AD9BED8009566D3 /* AppDelegate.swift in Sources */,
			);
			runOnlyForDeploymentPostprocessing = 0;
		};
/* End PBXSourcesBuildPhase section */

/* Begin PBXVariantGroup section */
		A257EF601AD9BED8009566D3 /* Main.storyboard */ = {
			isa = PBXVariantGroup;
			children = (
				A257EF611AD9BED8009566D3 /* Base */,
			);
			name = Main.storyboard;
			sourceTree = "<group>";
		};
		A257EF651AD9BED8009566D3 /* LaunchScreen.xib */ = {
			isa = PBXVariantGroup;
			children = (
				A257EF661AD9BED8009566D3 /* Base */,
			);
			name = LaunchScreen.xib;
			sourceTree = "<group>";
		};
/* End PBXVariantGroup section */

/* Begin XCBuildConfiguration section */
		A257EF741AD9BED8009566D3 /* Debug */ = {
			isa = XCBuildConfiguration;
			buildSettings = {
				ALWAYS_SEARCH_USER_PATHS = NO;
				CLANG_CXX_LANGUAGE_STANDARD = "gnu++0x";
				CLANG_CXX_LIBRARY = "libc++";
				CLANG_ENABLE_MODULES = YES;
				CLANG_ENABLE_OBJC_ARC = YES;
				CLANG_WARN_BOOL_CONVERSION = YES;
				CLANG_WARN_CONSTANT_CONVERSION = YES;
				CLANG_WARN_DIRECT_OBJC_ISA_USAGE = YES_ERROR;
				CLANG_WARN_EMPTY_BODY = YES;
				CLANG_WARN_ENUM_CONVERSION = YES;
				CLANG_WARN_INT_CONVERSION = YES;
				CLANG_WARN_OBJC_ROOT_CLASS = YES_ERROR;
				CLANG_WARN_UNREACHABLE_CODE = YES;
				CLANG_WARN__DUPLICATE_METHOD_MATCH = YES;
				"CODE_SIGN_IDENTITY[sdk=iphoneos*]" = "iPhone Developer";
				COPY_PHASE_STRIP = NO;
				DEBUG_INFORMATION_FORMAT = "dwarf-with-dsym";
				ENABLE_STRICT_OBJC_MSGSEND = YES;
				GCC_C_LANGUAGE_STANDARD = gnu99;
				GCC_DYNAMIC_NO_PIC = NO;
				GCC_NO_COMMON_BLOCKS = YES;
				GCC_OPTIMIZATION_LEVEL = 0;
				GCC_PREPROCESSOR_DEFINITIONS = (
					"DEBUG=1",
					"$(inherited)",
				);
				GCC_SYMBOLS_PRIVATE_EXTERN = NO;
				GCC_WARN_64_TO_32_BIT_CONVERSION = YES;
				GCC_WARN_ABOUT_RETURN_TYPE = YES_ERROR;
				GCC_WARN_UNDECLARED_SELECTOR = YES;
				GCC_WARN_UNINITIALIZED_AUTOS = YES_AGGRESSIVE;
				GCC_WARN_UNUSED_FUNCTION = YES;
				GCC_WARN_UNUSED_VARIABLE = YES;
				IPHONEOS_DEPLOYMENT_TARGET = 8.1;
				MTL_ENABLE_DEBUG_INFO = YES;
				ONLY_ACTIVE_ARCH = YES;
				SDKROOT = iphoneos;
				SWIFT_OPTIMIZATION_LEVEL = "-Onone";
			};
			name = Debug;
		};
		A257EF751AD9BED8009566D3 /* Release */ = {
			isa = XCBuildConfiguration;
			buildSettings = {
				ALWAYS_SEARCH_USER_PATHS = NO;
				CLANG_CXX_LANGUAGE_STANDARD = "gnu++0x";
				CLANG_CXX_LIBRARY = "libc++";
				CLANG_ENABLE_MODULES = YES;
				CLANG_ENABLE_OBJC_ARC = YES;
				CLANG_WARN_BOOL_CONVERSION = YES;
				CLANG_WARN_CONSTANT_CONVERSION = YES;
				CLANG_WARN_DIRECT_OBJC_ISA_USAGE = YES_ERROR;
				CLANG_WARN_EMPTY_BODY = YES;
				CLANG_WARN_ENUM_CONVERSION = YES;
				CLANG_WARN_INT_CONVERSION = YES;
				CLANG_WARN_OBJC_ROOT_CLASS = YES_ERROR;
				CLANG_WARN_UNREACHABLE_CODE = YES;
				CLANG_WARN__DUPLICATE_METHOD_MATCH = YES;
				"CODE_SIGN_IDENTITY[sdk=iphoneos*]" = "iPhone Developer";
				COPY_PHASE_STRIP = NO;
				DEBUG_INFORMATION_FORMAT = "dwarf-with-dsym";
				ENABLE_NS_ASSERTIONS = NO;
				ENABLE_STRICT_OBJC_MSGSEND = YES;
				GCC_C_LANGUAGE_STANDARD = gnu99;
				GCC_NO_COMMON_BLOCKS = YES;
				GCC_WARN_64_TO_32_BIT_CONVERSION = YES;
				GCC_WARN_ABOUT_RETURN_TYPE = YES_ERROR;
				GCC_WARN_UNDECLARED_SELECTOR = YES;
				GCC_WARN_UNINITIALIZED_AUTOS = YES_AGGRESSIVE;
				GCC_WARN_UNUSED_FUNCTION = YES;
				GCC_WARN_UNUSED_VARIABLE = YES;
				IPHONEOS_DEPLOYMENT_TARGET = 8.1;
				MTL_ENABLE_DEBUG_INFO = NO;
				SDKROOT = iphoneos;
				VALIDATE_PRODUCT = YES;
			};
			name = Release;
		};
		A257EF771AD9BED8009566D3 /* Debug */ = {
			isa = XCBuildConfiguration;
			buildSettings = {
				ASSETCATALOG_COMPILER_APPICON_NAME = AppIcon;
				INFOPLIST_FILE = BezierPath/Info.plist;
				LD_RUNPATH_SEARCH_PATHS = "$(inherited) @executable_path/Frameworks";
				PRODUCT_NAME = "$(TARGET_NAME)";
			};
			name = Debug;
		};
		A257EF781AD9BED8009566D3 /* Release */ = {
			isa = XCBuildConfiguration;
			buildSettings = {
				ASSETCATALOG_COMPILER_APPICON_NAME = AppIcon;
				INFOPLIST_FILE = BezierPath/Info.plist;
				LD_RUNPATH_SEARCH_PATHS = "$(inherited) @executable_path/Frameworks";
				PRODUCT_NAME = "$(TARGET_NAME)";
			};
			name = Release;
		};
/* End XCBuildConfiguration section */

/* Begin XCConfigurationList section */
		A257EF521AD9BED8009566D3 /* Build configuration list for PBXProject "BezierPath" */ = {
			isa = XCConfigurationList;
			buildConfigurations = (
				A257EF741AD9BED8009566D3 /* Debug */,
				A257EF751AD9BED8009566D3 /* Release */,
			);
			defaultConfigurationIsVisible = 0;
			defaultConfigurationName = Release;
		};
		A257EF761AD9BED8009566D3 /* Build configuration list for PBXNativeTarget "BezierPath" */ = {
			isa = XCConfigurationList;
			buildConfigurations = (
				A257EF771AD9BED8009566D3 /* Debug */,
				A257EF781AD9BED8009566D3 /* Release */,
			);
			defaultConfigurationIsVisible = 0;
		};
/* End XCConfigurationList section */
	};
	rootObject = A257EF4F1AD9BED8009566D3 /* Project object */;
}
